
Microsoft Visual Studio Solution File, Format Version 12.00
# Visual Studio 2013
VisualStudioVersion = 12.0.40629.0
MinimumVisualStudioVersion = 10.0.40219.1
Project("{F184B08F-C81C-45F6-A57F-5ABD9991F28F}") = "operation_ctrl_client", "operation_ctrl\operation_ctrl_client.vbproj", "{4F2A7232-11FE-4AD5-8231-70BBF6E8E4BB}"
EndProject
Project("{F184B08F-C81C-45F6-A57F-5ABD9991F28F}") = "operation_ctrl_server", "operation_ctrl_server\operation_ctrl_server.vbproj", "{D589DEE4-7ADD-4674-A2AA-4F58D4C611D5}"
EndProject
Project("{F184B08F-C81C-45F6-A57F-5ABD9991F28F}") = "msgbx_boot", "msgbx_boot\msgbx_boot.vbproj", "{E89B2E2B-1E17-4486-A077-6372022B8112}"
EndProject
Project("{F184B08F-C81C-45F6-A57F-5ABD9991F28F}") = "operation_ctrl_sys_service", "operation_ctrl_sys_service\operation_ctrl_sys_service.vbproj", "{92C0877B-3B91-4BA9-AE5A-5A5F413B17FB}"
EndProject
Project("{F184B08F-C81C-45F6-A57F-5ABD9991F28F}") = "operation_ctrl_service_inst", "operation_ctrl_service_inst\operation_ctrl_service_inst.vbproj", "{370102F9-0F34-4449-8ABB-C1E2DDC975F1}"
EndProject
Project("{F184B08F-C81C-45F6-A57F-5ABD9991F28F}") = "opdll", "opdll\opdll.vbproj", "{297A36A4-9DCC-448F-9AEA-A365EE242C85}"
EndProject
Project("{F184B08F-C81C-45F6-A57F-5ABD9991F28F}") = "fileser", "fileser\fileser.vbproj", "{885AFCFF-AFB1-43EA-95B2-E326480FB89A}"
EndProject
Project("{F184B08F-C81C-45F6-A57F-5ABD9991F28F}") = "audiodll", "audiodll\audiodll.vbproj", "{45769E85-55B9-470C-ADE9-9F1A0EA954C8}"
EndProject
Project("{F184B08F-C81C-45F6-A57F-5ABD9991F28F}") = "dumpdll", "dumpdll\dumpdll.vbproj", "{0BDAC1AD-4597-4BA2-843F-20C83F7DF986}"
EndProject
Global
	GlobalSection(SolutionConfigurationPlatforms) = preSolution
		Debug|Any CPU = Debug|Any CPU
		Release|Any CPU = Release|Any CPU
	EndGlobalSection
	GlobalSection(ProjectConfigurationPlatforms) = postSolution
		{4F2A7232-11FE-4AD5-8231-70BBF6E8E4BB}.Debug|Any CPU.ActiveCfg = Debug|Any CPU
		{4F2A7232-11FE-4AD5-8231-70BBF6E8E4BB}.Debug|Any CPU.Build.0 = Debug|Any CPU
		{4F2A7232-11FE-4AD5-8231-70BBF6E8E4BB}.Release|Any CPU.ActiveCfg = Release|Any CPU
		{4F2A7232-11FE-4AD5-8231-70BBF6E8E4BB}.Release|Any CPU.Build.0 = Release|Any CPU
		{D589DEE4-7ADD-4674-A2AA-4F58D4C611D5}.Debug|Any CPU.ActiveCfg = Debug|Any CPU
		{D589DEE4-7ADD-4674-A2AA-4F58D4C611D5}.Debug|Any CPU.Build.0 = Debug|Any CPU
		{D589DEE4-7ADD-4674-A2AA-4F58D4C611D5}.Release|Any CPU.ActiveCfg = Release|Any CPU
		{D589DEE4-7ADD-4674-A2AA-4F58D4C611D5}.Release|Any CPU.Build.0 = Release|Any CPU
		{E89B2E2B-1E17-4486-A077-6372022B8112}.Debug|Any CPU.ActiveCfg = Debug|Any CPU
		{E89B2E2B-1E17-4486-A077-6372022B8112}.Debug|Any CPU.Build.0 = Debug|Any CPU
		{E89B2E2B-1E17-4486-A077-6372022B8112}.Release|Any CPU.ActiveCfg = Release|Any CPU
		{E89B2E2B-1E17-4486-A077-6372022B8112}.Release|Any CPU.Build.0 = Release|Any CPU
		{92C0877B-3B91-4BA9-AE5A-5A5F413B17FB}.Debug|Any CPU.ActiveCfg = Debug|Any CPU
		{92C0877B-3B91-4BA9-AE5A-5A5F413B17FB}.Debug|Any CPU.Build.0 = Debug|Any CPU
		{92C0877B-3B91-4BA9-AE5A-5A5F413B17FB}.Release|Any CPU.ActiveCfg = Release|Any CPU
		{92C0877B-3B91-4BA9-AE5A-5A5F413B17FB}.Release|Any CPU.Build.0 = Release|Any CPU
		{370102F9-0F34-4449-8ABB-C1E2DDC975F1}.Debug|Any CPU.ActiveCfg = Debug|Any CPU
		{370102F9-0F34-4449-8ABB-C1E2DDC975F1}.Debug|Any CPU.Build.0 = Debug|Any CPU
		{370102F9-0F34-4449-8ABB-C1E2DDC975F1}.Release|Any CPU.ActiveCfg = Release|Any CPU
		{370102F9-0F34-4449-8ABB-C1E2DDC975F1}.Release|Any CPU.Build.0 = Release|Any CPU
		{297A36A4-9DCC-448F-9AEA-A365EE242C85}.Debug|Any CPU.ActiveCfg = Debug|Any CPU
		{297A36A4-9DCC-448F-9AEA-A365EE242C85}.Debug|Any CPU.Build.0 = Debug|Any CPU
		{297A36A4-9DCC-448F-9AEA-A365EE242C85}.Release|Any CPU.ActiveCfg = Release|Any CPU
		{297A36A4-9DCC-448F-9AEA-A365EE242C85}.Release|Any CPU.Build.0 = Release|Any CPU
		{885AFCFF-AFB1-43EA-95B2-E326480FB89A}.Debug|Any CPU.ActiveCfg = Debug|Any CPU
		{885AFCFF-AFB1-43EA-95B2-E326480FB89A}.Debug|Any CPU.Build.0 = Debug|Any CPU
		{885AFCFF-AFB1-43EA-95B2-E326480FB89A}.Release|Any CPU.ActiveCfg = Release|Any CPU
		{885AFCFF-AFB1-43EA-95B2-E326480FB89A}.Release|Any CPU.Build.0 = Release|Any CPU
		{45769E85-55B9-470C-ADE9-9F1A0EA954C8}.Debug|Any CPU.ActiveCfg = Debug|Any CPU
		{45769E85-55B9-470C-ADE9-9F1A0EA954C8}.Debug|Any CPU.Build.0 = Debug|Any CPU
		{45769E85-55B9-470C-ADE9-9F1A0EA954C8}.Release|Any CPU.ActiveCfg = Release|Any CPU
		{45769E85-55B9-470C-ADE9-9F1A0EA954C8}.Release|Any CPU.Build.0 = Release|Any CPU
		{0BDAC1AD-4597-4BA2-843F-20C83F7DF986}.Debug|Any CPU.ActiveCfg = Debug|Any CPU
		{0BDAC1AD-4597-4BA2-843F-20C83F7DF986}.Debug|Any CPU.Build.0 = Debug|Any CPU
		{0BDAC1AD-4597-4BA2-843F-20C83F7DF986}.Release|Any CPU.ActiveCfg = Release|Any CPU
		{0BDAC1AD-4597-4BA2-843F-20C83F7DF986}.Release|Any CPU.Build.0 = Release|Any CPU
	EndGlobalSection
	GlobalSection(SolutionProperties) = preSolution
		HideSolutionNode = FALSE
	EndGlobalSection
EndGlobal
